
Microsoft Visual Studio Solution File, Format Version 12.00
# Visual Studio Version 17
VisualStudioVersion = 17.0.31903.59
MinimumVisualStudioVersion = 10.0.40219.1
Project("{2150E333-8FDC-42A3-9474-1A3956D46DE8}") = "src", "src", "{B265BC96-16F8-4713-BD5E-55D03044F5AE}"
EndProject
Project("{2150E333-8FDC-42A3-9474-1A3956D46DE8}") = "CleanArchitecture", "CleanArchitecture", "{E257EACD-020B-438C-9FD6-44362D3C249C}"
EndProject
Project("{FAE04EC0-301F-11D3-BF4B-00C04F79EFBC}") = "CleanArchitecture.Domain", "src\CleanArchitecture\CleanArchitecture.Domain\CleanArchitecture.Domain.csproj", "{8A384F82-DC8B-4634-9D5D-419BE2FB2647}"
EndProject
Global
	GlobalSection(SolutionConfigurationPlatforms) = preSolution
		Debug|Any CPU = Debug|Any CPU
		Release|Any CPU = Release|Any CPU
	EndGlobalSection
	GlobalSection(SolutionProperties) = preSolution
		HideSolutionNode = FALSE
	EndGlobalSection
	GlobalSection(ProjectConfigurationPlatforms) = postSolution
		{8A384F82-DC8B-4634-9D5D-419BE2FB2647}.Debug|Any CPU.ActiveCfg = Debug|Any CPU
		{8A384F82-DC8B-4634-9D5D-419BE2FB2647}.Debug|Any CPU.Build.0 = Debug|Any CPU
		{8A384F82-DC8B-4634-9D5D-419BE2FB2647}.Release|Any CPU.ActiveCfg = Release|Any CPU
		{8A384F82-DC8B-4634-9D5D-419BE2FB2647}.Release|Any CPU.Build.0 = Release|Any CPU
	EndGlobalSection
	GlobalSection(NestedProjects) = prdotnet build .\CleanArchitecture.slneSolution
		{E257EACD-020B-438C-9FD6-44362D3C249C} = {B265BC96-16F8-4713-BD5E-55D03044F5AE}
		{8A384F82-DC8B-4634-9D5D-419BE2FB2647} = {E257EACD-020B-438C-9FD6-44362D3C249C}
	EndGlobalSection
EndGlobal
